
Microsoft Visual Studio Solution File, Format Version 12.00
# Visual Studio Version 17
VisualStudioVersion = 17.5.002.0
MinimumVisualStudioVersion = 10.0.40219.1
Project("{9A19103F-16F7-4668-BE54-9A1E7A4F7556}") = "EmployeeManagementModels", "EmployeeManagementModels\EmployeeManagementModels.csproj", "{EDF37395-939C-42E2-A72A-181D43E2F8A4}"
EndProject
Project("{9A19103F-16F7-4668-BE54-9A1E7A4F7556}") = "EmployeeManagementAPI", "EmployeeManagementAPI\EmployeeManagementAPI.csproj", "{82565D50-DEEE-450B-9D01-C1F2E752BD0E}"
EndProject
Global
	GlobalSection(SolutionConfigurationPlatforms) = preSolution
		Debug|Any CPU = Debug|Any CPU
		Release|Any CPU = Release|Any CPU
	EndGlobalSection
	GlobalSection(ProjectConfigurationPlatforms) = postSolution
		{EDF37395-939C-42E2-A72A-181D43E2F8A4}.Debug|Any CPU.ActiveCfg = Debug|Any CPU
		{EDF37395-939C-42E2-A72A-181D43E2F8A4}.Debug|Any CPU.Build.0 = Debug|Any CPU
		{EDF37395-939C-42E2-A72A-181D43E2F8A4}.Release|Any CPU.ActiveCfg = Release|Any CPU
		{EDF37395-939C-42E2-A72A-181D43E2F8A4}.Release|Any CPU.Build.0 = Release|Any CPU
		{82565D50-DEEE-450B-9D01-C1F2E752BD0E}.Debug|Any CPU.ActiveCfg = Debug|Any CPU
		{82565D50-DEEE-450B-9D01-C1F2E752BD0E}.Debug|Any CPU.Build.0 = Debug|Any CPU
		{82565D50-DEEE-450B-9D01-C1F2E752BD0E}.Release|Any CPU.ActiveCfg = Release|Any CPU
		{82565D50-DEEE-450B-9D01-C1F2E752BD0E}.Release|Any CPU.Build.0 = Release|Any CPU
	EndGlobalSection
	GlobalSection(SolutionProperties) = preSolution
		HideSolutionNode = FALSE
	EndGlobalSection
	GlobalSection(ExtensibilityGlobals) = postSolution
		SolutionGuid = {985E4E90-65E1-4ADA-A314-C8BC222E9ADA}
	EndGlobalSection
EndGlobal
